
Microsoft Visual Studio Solution File, Format Version 12.00
# Visual Studio Version 17
VisualStudioVersion = 17.3.32819.101
MinimumVisualStudioVersion = 10.0.40219.1
Project("{9A19103F-16F7-4668-BE54-9A1E7A4F7556}") = "KTPO4317.Elushev.UnitTest", "KTPO4317.Elushev.UnitTest\KTPO4317.Elushev.UnitTest.csproj", "{478471F0-8E18-4F60-B126-D745EA8F244E}"
EndProject
Project("{9A19103F-16F7-4668-BE54-9A1E7A4F7556}") = "KTPO4317.Elushev.Lib", "KTPO4317.Elushev.Lib\KTPO4317.Elushev.Lib.csproj", "{EF30FF41-7FDA-4D56-A454-5BF383840309}"
EndProject
Project("{FAE04EC0-301F-11D3-BF4B-00C04F79EFBC}") = "KTPO4317.Elushev.Service", "KTPO4317.Elushev.Service\KTPO4317.Elushev.Service.csproj", "{83F3AFA0-CDD6-4367-A1F2-A32AF433D69A}"
EndProject
Global
	GlobalSection(SolutionConfigurationPlatforms) = preSolution
		Debug|Any CPU = Debug|Any CPU
		Release|Any CPU = Release|Any CPU
	EndGlobalSection
	GlobalSection(ProjectConfigurationPlatforms) = postSolution
		{478471F0-8E18-4F60-B126-D745EA8F244E}.Debug|Any CPU.ActiveCfg = Debug|Any CPU
		{478471F0-8E18-4F60-B126-D745EA8F244E}.Debug|Any CPU.Build.0 = Debug|Any CPU
		{478471F0-8E18-4F60-B126-D745EA8F244E}.Release|Any CPU.ActiveCfg = Release|Any CPU
		{478471F0-8E18-4F60-B126-D745EA8F244E}.Release|Any CPU.Build.0 = Release|Any CPU
		{EF30FF41-7FDA-4D56-A454-5BF383840309}.Debug|Any CPU.ActiveCfg = Debug|Any CPU
		{EF30FF41-7FDA-4D56-A454-5BF383840309}.Debug|Any CPU.Build.0 = Debug|Any CPU
		{EF30FF41-7FDA-4D56-A454-5BF383840309}.Release|Any CPU.ActiveCfg = Release|Any CPU
		{EF30FF41-7FDA-4D56-A454-5BF383840309}.Release|Any CPU.Build.0 = Release|Any CPU
		{83F3AFA0-CDD6-4367-A1F2-A32AF433D69A}.Debug|Any CPU.ActiveCfg = Debug|Any CPU
		{83F3AFA0-CDD6-4367-A1F2-A32AF433D69A}.Debug|Any CPU.Build.0 = Debug|Any CPU
		{83F3AFA0-CDD6-4367-A1F2-A32AF433D69A}.Release|Any CPU.ActiveCfg = Release|Any CPU
		{83F3AFA0-CDD6-4367-A1F2-A32AF433D69A}.Release|Any CPU.Build.0 = Release|Any CPU
	EndGlobalSection
	GlobalSection(SolutionProperties) = preSolution
		HideSolutionNode = FALSE
	EndGlobalSection
	GlobalSection(ExtensibilityGlobals) = postSolution
		SolutionGuid = {AF3C53C1-849B-47B5-92CC-13B80966ACED}
	EndGlobalSection
EndGlobal
